
Microsoft Visual Studio Solution File, Format Version 12.00
# Visual Studio Version 16
VisualStudioVersion = 16.0.33328.57
MinimumVisualStudioVersion = 10.0.40219.1
Project("{FAE04EC0-301F-11D3-BF4B-00C04F79EFBC}") = "ChatAppWPF", "ChatAppWPF\ChatAppWPF.csproj", "{030B117D-60B1-426F-9A48-24DD07FB3D64}"
EndProject
Project("{FAE04EC0-301F-11D3-BF4B-00C04F79EFBC}") = "Server", "server\Server.csproj", "{C64B454D-5F7A-4ED5-A5C3-763900BA4BBF}"
EndProject
Global
	GlobalSection(SolutionConfigurationPlatforms) = preSolution
		Debug|Any CPU = Debug|Any CPU
		Release|Any CPU = Release|Any CPU
	EndGlobalSection
	GlobalSection(ProjectConfigurationPlatforms) = postSolution
		{030B117D-60B1-426F-9A48-24DD07FB3D64}.Debug|Any CPU.ActiveCfg = Debug|Any CPU
		{030B117D-60B1-426F-9A48-24DD07FB3D64}.Debug|Any CPU.Build.0 = Debug|Any CPU
		{030B117D-60B1-426F-9A48-24DD07FB3D64}.Release|Any CPU.ActiveCfg = Release|Any CPU
		{030B117D-60B1-426F-9A48-24DD07FB3D64}.Release|Any CPU.Build.0 = Release|Any CPU
		{C64B454D-5F7A-4ED5-A5C3-763900BA4BBF}.Debug|Any CPU.ActiveCfg = Debug|Any CPU
		{C64B454D-5F7A-4ED5-A5C3-763900BA4BBF}.Debug|Any CPU.Build.0 = Debug|Any CPU
		{C64B454D-5F7A-4ED5-A5C3-763900BA4BBF}.Release|Any CPU.ActiveCfg = Release|Any CPU
		{C64B454D-5F7A-4ED5-A5C3-763900BA4BBF}.Release|Any CPU.Build.0 = Release|Any CPU
	EndGlobalSection
	GlobalSection(SolutionProperties) = preSolution
		HideSolutionNode = FALSE
	EndGlobalSection
	GlobalSection(ExtensibilityGlobals) = postSolution
		SolutionGuid = {60BC1624-5AA6-424D-A13E-619B24FF62DC}
	EndGlobalSection
EndGlobal
